
Microsoft Visual Studio Solution File, Format Version 12.00
# Visual Studio Version 17
VisualStudioVersion = 17.10.35013.160
MinimumVisualStudioVersion = 10.0.40219.1
Project("{FAE04EC0-301F-11D3-BF4B-00C04F79EFBC}") = "SkinScan_API", "SkinScan_API\SkinScan_API.csproj", "{1FD12F3A-3CF8-45EF-9985-151DFBA32569}"
EndProject
Project("{FAE04EC0-301F-11D3-BF4B-00C04F79EFBC}") = "SkinScan_BL", "SkinDiseases_BL\SkinScan_BL.csproj", "{C0295C5E-092C-4DF7-9E50-1A8FA41EC286}"
EndProject
Project("{FAE04EC0-301F-11D3-BF4B-00C04F79EFBC}") = "SkinScan_Core", "SkinDiseases_Core\SkinScan_Core.csproj", "{8F185A3A-CA32-4ECF-9C9B-DBEFB5C01A08}"
EndProject
Project("{FAE04EC0-301F-11D3-BF4B-00C04F79EFBC}") = "SkinScan_Services", "SkinScan_Services\SkinScan_Services.csproj", "{A7760C86-2EE2-4BE9-A10C-23A12883A379}"
EndProject
Global
	GlobalSection(SolutionConfigurationPlatforms) = preSolution
		Debug|Any CPU = Debug|Any CPU
		Release|Any CPU = Release|Any CPU
	EndGlobalSection
	GlobalSection(ProjectConfigurationPlatforms) = postSolution
		{1FD12F3A-3CF8-45EF-9985-151DFBA32569}.Debug|Any CPU.ActiveCfg = Debug|Any CPU
		{1FD12F3A-3CF8-45EF-9985-151DFBA32569}.Debug|Any CPU.Build.0 = Debug|Any CPU
		{1FD12F3A-3CF8-45EF-9985-151DFBA32569}.Release|Any CPU.ActiveCfg = Release|Any CPU
		{1FD12F3A-3CF8-45EF-9985-151DFBA32569}.Release|Any CPU.Build.0 = Release|Any CPU
		{C0295C5E-092C-4DF7-9E50-1A8FA41EC286}.Debug|Any CPU.ActiveCfg = Debug|Any CPU
		{C0295C5E-092C-4DF7-9E50-1A8FA41EC286}.Debug|Any CPU.Build.0 = Debug|Any CPU
		{C0295C5E-092C-4DF7-9E50-1A8FA41EC286}.Release|Any CPU.ActiveCfg = Release|Any CPU
		{C0295C5E-092C-4DF7-9E50-1A8FA41EC286}.Release|Any CPU.Build.0 = Release|Any CPU
		{8F185A3A-CA32-4ECF-9C9B-DBEFB5C01A08}.Debug|Any CPU.ActiveCfg = Debug|Any CPU
		{8F185A3A-CA32-4ECF-9C9B-DBEFB5C01A08}.Debug|Any CPU.Build.0 = Debug|Any CPU
		{8F185A3A-CA32-4ECF-9C9B-DBEFB5C01A08}.Release|Any CPU.ActiveCfg = Release|Any CPU
		{8F185A3A-CA32-4ECF-9C9B-DBEFB5C01A08}.Release|Any CPU.Build.0 = Release|Any CPU
		{A7760C86-2EE2-4BE9-A10C-23A12883A379}.Debug|Any CPU.ActiveCfg = Debug|Any CPU
		{A7760C86-2EE2-4BE9-A10C-23A12883A379}.Debug|Any CPU.Build.0 = Debug|Any CPU
		{A7760C86-2EE2-4BE9-A10C-23A12883A379}.Release|Any CPU.ActiveCfg = Release|Any CPU
		{A7760C86-2EE2-4BE9-A10C-23A12883A379}.Release|Any CPU.Build.0 = Release|Any CPU
	EndGlobalSection
	GlobalSection(SolutionProperties) = preSolution
		HideSolutionNode = FALSE
	EndGlobalSection
	GlobalSection(ExtensibilityGlobals) = postSolution
		SolutionGuid = {C5CB7B6E-7587-4B0B-A6E9-7B15C45D4F11}
	EndGlobalSection
EndGlobal
